// !$*UTF8*$!
{
	archiveVersion = 1;
	classes = {
	};
	objectVersion = 56;
	objects = {

/* Begin PBXBuildFile section */
		106C8ED50E394E908FB4F614 /* Plan.swift in Sources */ = {isa = PBXBuildFile; fileRef = 9B52997B40ADABD1140955F7 /* Plan.swift */; };
		14F2D502F550D5D498AA8AF3 /* Theme.swift in Sources */ = {isa = PBXBuildFile; fileRef = 3664493D66193B78FB79739D /* Theme.swift */; };
		15E833A261EDD46FE1E1E2B4 /* ExamToolsView.swift in Sources */ = {isa = PBXBuildFile; fileRef = 180BF067FD437835718C7EE4 /* ExamToolsView.swift */; };
		172FFA5087D8AA698B6F818A /* TreatmentItemRow.swift in Sources */ = {isa = PBXBuildFile; fileRef = 6A3AA9DF32B635D511448B19 /* TreatmentItemRow.swift */; };
		1DA4CD0710BF12E963035778 /* Category.swift in Sources */ = {isa = PBXBuildFile; fileRef = 18F8D175776E368F7CF13158 /* Category.swift */; };
		1EC8B01E76192CE9BB3E118D /* DisclaimerView.swift in Sources */ = {isa = PBXBuildFile; fileRef = DF05FC6BFBC7DDD09B78B862 /* DisclaimerView.swift */; };
		2A70B1D06EF7D4E25F973F0A /* SubscriptionService.swift in Sources */ = {isa = PBXBuildFile; fileRef = 57C3AF7498A55F90D742C9B8 /* SubscriptionService.swift */; };
		407BC0FF343E6B8D7D9F62FF /* MarkdownLinkText.swift in Sources */ = {isa = PBXBuildFile; fileRef = 931F03B8B2A52C29A41CE383 /* MarkdownLinkText.swift */; };
		42225C2D20D7FAD910750B6F /* ExamDetailView.swift in Sources */ = {isa = PBXBuildFile; fileRef = 990747A9A954B4EC049AA348 /* ExamDetailView.swift */; };
		467CBAC2C8D6FCB2C07261FF /* CategoryCard.swift in Sources */ = {isa = PBXBuildFile; fileRef = 447DC3FE92719D0004BD825A /* CategoryCard.swift */; };
		48429B7D684F345754B27131 /* NeuroPlansApp.swift in Sources */ = {isa = PBXBuildFile; fileRef = 4B0E722DF8A276C1D329B6C7 /* NeuroPlansApp.swift */; };
		48AC61E872DA0FCF1537EEA1 /* SupabaseService.swift in Sources */ = {isa = PBXBuildFile; fileRef = AFA856C9E56DDBD3BC25B854 /* SupabaseService.swift */; };
		493DA2C548CDDD063917CBB3 /* SettingsView.swift in Sources */ = {isa = PBXBuildFile; fileRef = 8E470B439A45526F757CB297 /* SettingsView.swift */; };
		5432584D441E7602AECCDE45 /* PaywallView.swift in Sources */ = {isa = PBXBuildFile; fileRef = 057A575898CCFBB29DD090C8 /* PaywallView.swift */; };
		5F092F0471C77F0AE4EDAA48 /* EmailVerificationView.swift in Sources */ = {isa = PBXBuildFile; fileRef = 3C628547BFC2FE0612436B57 /* EmailVerificationView.swift */; };
		627E8EDCE3891F54640748ED /* ScaleDetailView.swift in Sources */ = {isa = PBXBuildFile; fileRef = 99F8DFF333DD7120A6E7564D /* ScaleDetailView.swift */; };
		671036B2852085071D291E3D /* ExamListView.swift in Sources */ = {isa = PBXBuildFile; fileRef = EDC9D76143FE2ABA6265D2C1 /* ExamListView.swift */; };
		6B8D36E14B9489CE0F1BCE1D /* CalculatorEngine.swift in Sources */ = {isa = PBXBuildFile; fileRef = 18CAD803B20C7F304F210D3C /* CalculatorEngine.swift */; };
		716491BF0775D5E24E0FE73F /* ErrorReportMailView.swift in Sources */ = {isa = PBXBuildFile; fileRef = 8F2F1B3A8FA850D65A0CB21B /* ErrorReportMailView.swift */; };
		7A7B81869042D63A31CBF80B /* MetadataChip.swift in Sources */ = {isa = PBXBuildFile; fileRef = 2DF2F00F44B6CFF96678B104 /* MetadataChip.swift */; };
		7D170A6A2E0159693F5A623B /* plans.json in Resources */ = {isa = PBXBuildFile; fileRef = 4316A3C3972A79AD6DFBE220 /* plans.json */; };
		8394F7F650E5636901BED8D7 /* HomeView.swift in Sources */ = {isa = PBXBuildFile; fileRef = 0C672E86ADD485562B657B36 /* HomeView.swift */; };
		863183ED4E8E1B819D51238D /* BuilderView.swift in Sources */ = {isa = PBXBuildFile; fileRef = 345BE8DC931E756F724E4BBB /* BuilderView.swift */; };
		8A5420F06F55C5C30C615665 /* ClinicalErrorService.swift in Sources */ = {isa = PBXBuildFile; fileRef = 29A6C238188E2F39FF35B349 /* ClinicalErrorService.swift */; };
		A9FC4FD37D8EA901D77A7108 /* PlanBuilder.swift in Sources */ = {isa = PBXBuildFile; fileRef = 14A1EFCD8298BEE64CA27944 /* PlanBuilder.swift */; };
		AC96B94BF83E6533E3228603 /* MainTabView.swift in Sources */ = {isa = PBXBuildFile; fileRef = 64EE47C9F4B6CCBB261C3B55 /* MainTabView.swift */; };
		BA5B78411910C2CDB0AAD916 /* StopwatchService.swift in Sources */ = {isa = PBXBuildFile; fileRef = 9E069CD8C5343F87F947A9C5 /* StopwatchService.swift */; };
		BAEE19C744F767FB2082AE73 /* ItemRows.swift in Sources */ = {isa = PBXBuildFile; fileRef = 89C84531BE92B57E04B682FA /* ItemRows.swift */; };
		BB2E8DEEE36199BB36D6FFB9 /* ToolDetailView.swift in Sources */ = {isa = PBXBuildFile; fileRef = 5B5A8A4F9D0A4FEC2340EBE7 /* ToolDetailView.swift */; };
		BF948192111AEDAFFBD4B002 /* PriorityBadge.swift in Sources */ = {isa = PBXBuildFile; fileRef = 5CB60595666619CF99A27966 /* PriorityBadge.swift */; };
		C437590125543DE2C87CDD57 /* SettingPicker.swift in Sources */ = {isa = PBXBuildFile; fileRef = 8507B6F674929EFE39750F39 /* SettingPicker.swift */; };
		CA0E9BA4E0EA8163531616A2 /* ReferenceHomeView.swift in Sources */ = {isa = PBXBuildFile; fileRef = 82A98F65E2EC82E1A3DC53A8 /* ReferenceHomeView.swift */; };
		CAF551675E07DD05D357D135 /* Reference.swift in Sources */ = {isa = PBXBuildFile; fileRef = 1E496D3B9D01E33D9A62D67B /* Reference.swift */; };
		CB6F335C97A34158EB4ED2E9 /* SectionGroup.swift in Sources */ = {isa = PBXBuildFile; fileRef = F7BF42F25BA33008E27C26B0 /* SectionGroup.swift */; };
		CD52DDE0A569677F93DDD3C6 /* scales.json in Resources */ = {isa = PBXBuildFile; fileRef = 742DAB5838ED474106402D36 /* scales.json */; };
		CF0CB7A1ED1FA097A22803EC /* exams.json in Resources */ = {isa = PBXBuildFile; fileRef = 0BCB40DA6D71166DE7CA6A84 /* exams.json */; };
		D051B4B827EAB918DAFA6E08 /* ReferenceStore.swift in Sources */ = {isa = PBXBuildFile; fileRef = E6A4270F2B88F11ED6040C3B /* ReferenceStore.swift */; };
		D43E91214876B582379577BF /* PlanRow.swift in Sources */ = {isa = PBXBuildFile; fileRef = A1157FF680C211C92DABE34C /* PlanRow.swift */; };
		D9F4BAFD9A0CD3C78F689147 /* ClinicalErrorReportView.swift in Sources */ = {isa = PBXBuildFile; fileRef = 859DE1D668D4C2483673E505 /* ClinicalErrorReportView.swift */; };
		DCC5651725FEBEAA99B978C5 /* ScaleListView.swift in Sources */ = {isa = PBXBuildFile; fileRef = C79764873D21629CFD07DA8C /* ScaleListView.swift */; };
		E4D23964893972A455ED6931 /* EntitlementService.swift in Sources */ = {isa = PBXBuildFile; fileRef = 23F9E9F2ED62ED5572179565 /* EntitlementService.swift */; };
		EC7865A1384EAA88E84F0AD5 /* FavoritesView.swift in Sources */ = {isa = PBXBuildFile; fileRef = F0D8831CF461F1C86B0E4045 /* FavoritesView.swift */; };
		ED9B794B63DF898336133744 /* ToolListView.swift in Sources */ = {isa = PBXBuildFile; fileRef = D504DBAF3728329AFB2B222A /* ToolListView.swift */; };
		F16162B36E17F436547EE7C9 /* tools.json in Resources */ = {isa = PBXBuildFile; fileRef = 996A64BAE63175BB2EFA96F4 /* tools.json */; };
		F2ED9EC63CAD49EFEEE4E736 /* PlanListView.swift in Sources */ = {isa = PBXBuildFile; fileRef = 3DB66DC643C11DD37C464E0D /* PlanListView.swift */; };
		F351A74A07ED8AF8A9C93243 /* GlassCard.swift in Sources */ = {isa = PBXBuildFile; fileRef = EB3E81FD7ED190EE711462C6 /* GlassCard.swift */; };
		F57624D3BDA5A2D578668EF9 /* PlanStore.swift in Sources */ = {isa = PBXBuildFile; fileRef = 051E9E5BC94984876BA01D54 /* PlanStore.swift */; };
		F7AAE90EF0F8697C5C766D76 /* UserPreferences.swift in Sources */ = {isa = PBXBuildFile; fileRef = 14A5061C659D4655EE9D5886 /* UserPreferences.swift */; };
		F7E0D4E711260D7A93815FB5 /* PlanDetailView.swift in Sources */ = {isa = PBXBuildFile; fileRef = ED622C2AA2DA8137479E67E7 /* PlanDetailView.swift */; };
		F7EF2FF2CAE7C504BB9CF5E1 /* Assets.xcassets in Resources */ = {isa = PBXBuildFile; fileRef = A7D7F43EDCBBEE35BABFD04F /* Assets.xcassets */; };
		FBB2642BE892D5D9682AA148 /* Supabase in Frameworks */ = {isa = PBXBuildFile; productRef = D655C68C3D68C9F5B364C874 /* Supabase */; };
		A1B2C3D4E5F6A7B8C9D0E1F2 /* PrivacyInfo.xcprivacy in Resources */ = {isa = PBXBuildFile; fileRef = B2C3D4E5F6A7B8C9D0E1F2A3 /* PrivacyInfo.xcprivacy */; };
		C1D2E3F4A5B6C7D8E9F0A1B2 /* SpecialtyConfig.swift in Sources */ = {isa = PBXBuildFile; fileRef = D2E3F4A5B6C7D8E9F0A1B2C3 /* SpecialtyConfig.swift */; };
		DD4455667788990011223344 /* PlanRequestView.swift in Sources */ = {isa = PBXBuildFile; fileRef = AA1122334455667788990011 /* PlanRequestView.swift */; };
		EE5566778899001122334455 /* WhatsNewView.swift in Sources */ = {isa = PBXBuildFile; fileRef = BB2233445566778899001122 /* WhatsNewView.swift */; };
		FF6677889900112233445566 /* changelog.json in Resources */ = {isa = PBXBuildFile; fileRef = CC3344556677889900112233 /* changelog.json */; };
/* End PBXBuildFile section */

/* Begin PBXFileReference section */
		051E9E5BC94984876BA01D54 /* PlanStore.swift */ = {isa = PBXFileReference; lastKnownFileType = sourcecode.swift; path = PlanStore.swift; sourceTree = "<group>"; };
		057A575898CCFBB29DD090C8 /* PaywallView.swift */ = {isa = PBXFileReference; includeInIndex = 1; lastKnownFileType = sourcecode.swift; path = PaywallView.swift; sourceTree = "<group>"; };
		0BCB40DA6D71166DE7CA6A84 /* exams.json */ = {isa = PBXFileReference; lastKnownFileType = text.json; path = exams.json; sourceTree = "<group>"; };
		0C672E86ADD485562B657B36 /* HomeView.swift */ = {isa = PBXFileReference; lastKnownFileType = sourcecode.swift; path = HomeView.swift; sourceTree = "<group>"; };
		14A1EFCD8298BEE64CA27944 /* PlanBuilder.swift */ = {isa = PBXFileReference; lastKnownFileType = sourcecode.swift; path = PlanBuilder.swift; sourceTree = "<group>"; };
		14A5061C659D4655EE9D5886 /* UserPreferences.swift */ = {isa = PBXFileReference; includeInIndex = 1; lastKnownFileType = sourcecode.swift; path = UserPreferences.swift; sourceTree = "<group>"; };
		180BF067FD437835718C7EE4 /* ExamToolsView.swift */ = {isa = PBXFileReference; includeInIndex = 1; lastKnownFileType = sourcecode.swift; path = ExamToolsView.swift; sourceTree = "<group>"; };
		18CAD803B20C7F304F210D3C /* CalculatorEngine.swift */ = {isa = PBXFileReference; includeInIndex = 1; lastKnownFileType = sourcecode.swift; path = CalculatorEngine.swift; sourceTree = "<group>"; };
		18F8D175776E368F7CF13158 /* Category.swift */ = {isa = PBXFileReference; lastKnownFileType = sourcecode.swift; path = Category.swift; sourceTree = "<group>"; };
		1E496D3B9D01E33D9A62D67B /* Reference.swift */ = {isa = PBXFileReference; lastKnownFileType = sourcecode.swift; path = Reference.swift; sourceTree = "<group>"; };
		23F9E9F2ED62ED5572179565 /* EntitlementService.swift */ = {isa = PBXFileReference; includeInIndex = 1; lastKnownFileType = sourcecode.swift; path = EntitlementService.swift; sourceTree = "<group>"; };
		29A6C238188E2F39FF35B349 /* ClinicalErrorService.swift */ = {isa = PBXFileReference; includeInIndex = 1; lastKnownFileType = sourcecode.swift; path = ClinicalErrorService.swift; sourceTree = "<group>"; };
		2DF2F00F44B6CFF96678B104 /* MetadataChip.swift */ = {isa = PBXFileReference; lastKnownFileType = sourcecode.swift; path = MetadataChip.swift; sourceTree = "<group>"; };
		345BE8DC931E756F724E4BBB /* BuilderView.swift */ = {isa = PBXFileReference; lastKnownFileType = sourcecode.swift; path = BuilderView.swift; sourceTree = "<group>"; };
		3664493D66193B78FB79739D /* Theme.swift */ = {isa = PBXFileReference; lastKnownFileType = sourcecode.swift; path = Theme.swift; sourceTree = "<group>"; };
		3C628547BFC2FE0612436B57 /* EmailVerificationView.swift */ = {isa = PBXFileReference; includeInIndex = 1; lastKnownFileType = sourcecode.swift; path = EmailVerificationView.swift; sourceTree = "<group>"; };
		3DB66DC643C11DD37C464E0D /* PlanListView.swift */ = {isa = PBXFileReference; lastKnownFileType = sourcecode.swift; path = PlanListView.swift; sourceTree = "<group>"; };
		4316A3C3972A79AD6DFBE220 /* plans.json */ = {isa = PBXFileReference; lastKnownFileType = text.json; path = plans.json; sourceTree = "<group>"; };
		447DC3FE92719D0004BD825A /* CategoryCard.swift */ = {isa = PBXFileReference; lastKnownFileType = sourcecode.swift; path = CategoryCard.swift; sourceTree = "<group>"; };
		4B0E722DF8A276C1D329B6C7 /* NeuroPlansApp.swift */ = {isa = PBXFileReference; lastKnownFileType = sourcecode.swift; path = NeuroPlansApp.swift; sourceTree = "<group>"; };
		B2C3D4E5F6A7B8C9D0E1F2A3 /* PrivacyInfo.xcprivacy */ = {isa = PBXFileReference; lastKnownFileType = text.xml; path = PrivacyInfo.xcprivacy; sourceTree = "<group>"; };
		E1A2B3C4D5E6F7A8B9C0D1E2 /* NeuroPlans.entitlements */ = {isa = PBXFileReference; lastKnownFileType = text.plist.entitlements; path = NeuroPlans.entitlements; sourceTree = "<group>"; };
		57C3AF7498A55F90D742C9B8 /* SubscriptionService.swift */ = {isa = PBXFileReference; includeInIndex = 1; lastKnownFileType = sourcecode.swift; path = SubscriptionService.swift; sourceTree = "<group>"; };
		5B5A8A4F9D0A4FEC2340EBE7 /* ToolDetailView.swift */ = {isa = PBXFileReference; lastKnownFileType = sourcecode.swift; path = ToolDetailView.swift; sourceTree = "<group>"; };
		5CB60595666619CF99A27966 /* PriorityBadge.swift */ = {isa = PBXFileReference; lastKnownFileType = sourcecode.swift; path = PriorityBadge.swift; sourceTree = "<group>"; };
		64EE47C9F4B6CCBB261C3B55 /* MainTabView.swift */ = {isa = PBXFileReference; lastKnownFileType = sourcecode.swift; path = MainTabView.swift; sourceTree = "<group>"; };
		6A3AA9DF32B635D511448B19 /* TreatmentItemRow.swift */ = {isa = PBXFileReference; lastKnownFileType = sourcecode.swift; path = TreatmentItemRow.swift; sourceTree = "<group>"; };
		742DAB5838ED474106402D36 /* scales.json */ = {isa = PBXFileReference; lastKnownFileType = text.json; path = scales.json; sourceTree = "<group>"; };
		82A98F65E2EC82E1A3DC53A8 /* ReferenceHomeView.swift */ = {isa = PBXFileReference; lastKnownFileType = sourcecode.swift; path = ReferenceHomeView.swift; sourceTree = "<group>"; };
		8507B6F674929EFE39750F39 /* SettingPicker.swift */ = {isa = PBXFileReference; lastKnownFileType = sourcecode.swift; path = SettingPicker.swift; sourceTree = "<group>"; };
		859DE1D668D4C2483673E505 /* ClinicalErrorReportView.swift */ = {isa = PBXFileReference; includeInIndex = 1; lastKnownFileType = sourcecode.swift; path = ClinicalErrorReportView.swift; sourceTree = "<group>"; };
		89C84531BE92B57E04B682FA /* ItemRows.swift */ = {isa = PBXFileReference; lastKnownFileType = sourcecode.swift; path = ItemRows.swift; sourceTree = "<group>"; };
		8E470B439A45526F757CB297 /* SettingsView.swift */ = {isa = PBXFileReference; lastKnownFileType = sourcecode.swift; path = SettingsView.swift; sourceTree = "<group>"; };
		8F2F1B3A8FA850D65A0CB21B /* ErrorReportMailView.swift */ = {isa = PBXFileReference; includeInIndex = 1; lastKnownFileType = sourcecode.swift; path = ErrorReportMailView.swift; sourceTree = "<group>"; };
		931F03B8B2A52C29A41CE383 /* MarkdownLinkText.swift */ = {isa = PBXFileReference; lastKnownFileType = sourcecode.swift; path = MarkdownLinkText.swift; sourceTree = "<group>"; };
		990747A9A954B4EC049AA348 /* ExamDetailView.swift */ = {isa = PBXFileReference; lastKnownFileType = sourcecode.swift; path = ExamDetailView.swift; sourceTree = "<group>"; };
		996A64BAE63175BB2EFA96F4 /* tools.json */ = {isa = PBXFileReference; lastKnownFileType = text.json; path = tools.json; sourceTree = "<group>"; };
		99F8DFF333DD7120A6E7564D /* ScaleDetailView.swift */ = {isa = PBXFileReference; lastKnownFileType = sourcecode.swift; path = ScaleDetailView.swift; sourceTree = "<group>"; };
		9B52997B40ADABD1140955F7 /* Plan.swift */ = {isa = PBXFileReference; lastKnownFileType = sourcecode.swift; path = Plan.swift; sourceTree = "<group>"; };
		9E069CD8C5343F87F947A9C5 /* StopwatchService.swift */ = {isa = PBXFileReference; includeInIndex = 1; lastKnownFileType = sourcecode.swift; path = StopwatchService.swift; sourceTree = "<group>"; };
		A1157FF680C211C92DABE34C /* PlanRow.swift */ = {isa = PBXFileReference; lastKnownFileType = sourcecode.swift; path = PlanRow.swift; sourceTree = "<group>"; };
		A7D7F43EDCBBEE35BABFD04F /* Assets.xcassets */ = {isa = PBXFileReference; lastKnownFileType = folder.assetcatalog; path = Assets.xcassets; sourceTree = "<group>"; };
		AFA856C9E56DDBD3BC25B854 /* SupabaseService.swift */ = {isa = PBXFileReference; includeInIndex = 1; lastKnownFileType = sourcecode.swift; path = SupabaseService.swift; sourceTree = "<group>"; };
		C79764873D21629CFD07DA8C /* ScaleListView.swift */ = {isa = PBXFileReference; lastKnownFileType = sourcecode.swift; path = ScaleListView.swift; sourceTree = "<group>"; };
		D504DBAF3728329AFB2B222A /* ToolListView.swift */ = {isa = PBXFileReference; lastKnownFileType = sourcecode.swift; path = ToolListView.swift; sourceTree = "<group>"; };
		DF05FC6BFBC7DDD09B78B862 /* DisclaimerView.swift */ = {isa = PBXFileReference; includeInIndex = 1; lastKnownFileType = sourcecode.swift; path = DisclaimerView.swift; sourceTree = "<group>"; };
		E6A4270F2B88F11ED6040C3B /* ReferenceStore.swift */ = {isa = PBXFileReference; lastKnownFileType = sourcecode.swift; path = ReferenceStore.swift; sourceTree = "<group>"; };
		EB3E81FD7ED190EE711462C6 /* GlassCard.swift */ = {isa = PBXFileReference; lastKnownFileType = sourcecode.swift; path = GlassCard.swift; sourceTree = "<group>"; };
		ED622C2AA2DA8137479E67E7 /* PlanDetailView.swift */ = {isa = PBXFileReference; lastKnownFileType = sourcecode.swift; path = PlanDetailView.swift; sourceTree = "<group>"; };
		EDC9D76143FE2ABA6265D2C1 /* ExamListView.swift */ = {isa = PBXFileReference; lastKnownFileType = sourcecode.swift; path = ExamListView.swift; sourceTree = "<group>"; };
		F0D8831CF461F1C86B0E4045 /* FavoritesView.swift */ = {isa = PBXFileReference; lastKnownFileType = sourcecode.swift; path = FavoritesView.swift; sourceTree = "<group>"; };
		F7901E6A9C0D4ABCFC83DE4E /* Neuro Plans.app */ = {isa = PBXFileReference; explicitFileType = wrapper.application; includeInIndex = 0; path = "Neuro Plans.app"; sourceTree = BUILT_PRODUCTS_DIR; };
		F7BF42F25BA33008E27C26B0 /* SectionGroup.swift */ = {isa = PBXFileReference; lastKnownFileType = sourcecode.swift; path = SectionGroup.swift; sourceTree = "<group>"; };
		D2E3F4A5B6C7D8E9F0A1B2C3 /* SpecialtyConfig.swift */ = {isa = PBXFileReference; lastKnownFileType = sourcecode.swift; path = SpecialtyConfig.swift; sourceTree = "<group>"; };
		AA1122334455667788990011 /* PlanRequestView.swift */ = {isa = PBXFileReference; lastKnownFileType = sourcecode.swift; path = PlanRequestView.swift; sourceTree = "<group>"; };
		BB2233445566778899001122 /* WhatsNewView.swift */ = {isa = PBXFileReference; lastKnownFileType = sourcecode.swift; path = WhatsNewView.swift; sourceTree = "<group>"; };
		CC3344556677889900112233 /* changelog.json */ = {isa = PBXFileReference; lastKnownFileType = text.json; path = changelog.json; sourceTree = "<group>"; };
/* End PBXFileReference section */

/* Begin PBXFrameworksBuildPhase section */
		A68E83F9988AAF47212C2373 /* Frameworks */ = {
			isa = PBXFrameworksBuildPhase;
			buildActionMask = 2147483647;
			files = (
				FBB2642BE892D5D9682AA148 /* Supabase in Frameworks */,
			);
			runOnlyForDeploymentPostprocessing = 0;
		};
/* End PBXFrameworksBuildPhase section */

/* Begin PBXGroup section */
		283E98706E2ADE744A01A6EB /* Home */ = {
			isa = PBXGroup;
			children = (
				0C672E86ADD485562B657B36 /* HomeView.swift */,
				447DC3FE92719D0004BD825A /* CategoryCard.swift */,
				BB2233445566778899001122 /* WhatsNewView.swift */,
			);
			path = Home;
			sourceTree = "<group>";
		};
		2F25B4994708BA11A17FD20B /* Resources */ = {
			isa = PBXGroup;
			children = (
				4316A3C3972A79AD6DFBE220 /* plans.json */,
				742DAB5838ED474106402D36 /* scales.json */,
				0BCB40DA6D71166DE7CA6A84 /* exams.json */,
				996A64BAE63175BB2EFA96F4 /* tools.json */,
				CC3344556677889900112233 /* changelog.json */,
			);
			path = Resources;
			sourceTree = "<group>";
		};
		31B4D499B254416309177563 /* Subscription */ = {
			isa = PBXGroup;
			children = (
				859DE1D668D4C2483673E505 /* ClinicalErrorReportView.swift */,
				3C628547BFC2FE0612436B57 /* EmailVerificationView.swift */,
				8F2F1B3A8FA850D65A0CB21B /* ErrorReportMailView.swift */,
				057A575898CCFBB29DD090C8 /* PaywallView.swift */,
			);
			name = Subscription;
			path = Subscription;
			sourceTree = "<group>";
		};
		3BA77459EEFDDB1C2ED9DDE4 = {
			isa = PBXGroup;
			children = (
				81A380EB15907B5D82018DD9 /* NeuroPlans */,
				6003941035F69DECDC3A08ED /* Products */,
				F2A9320D427012355038F1DC /* Frameworks */,
			);
			sourceTree = "<group>";
		};
		3D90CC358F41E9AC8E357ED3 /* Components */ = {
			isa = PBXGroup;
			children = (
				5CB60595666619CF99A27966 /* PriorityBadge.swift */,
				8507B6F674929EFE39750F39 /* SettingPicker.swift */,
				EB3E81FD7ED190EE711462C6 /* GlassCard.swift */,
				2DF2F00F44B6CFF96678B104 /* MetadataChip.swift */,
				931F03B8B2A52C29A41CE383 /* MarkdownLinkText.swift */,
			);
			path = Components;
			sourceTree = "<group>";
		};
		48F17F5AB268D003BE4EDC5C /* Reference */ = {
			isa = PBXGroup;
			children = (
				82A98F65E2EC82E1A3DC53A8 /* ReferenceHomeView.swift */,
				C79764873D21629CFD07DA8C /* ScaleListView.swift */,
				99F8DFF333DD7120A6E7564D /* ScaleDetailView.swift */,
				EDC9D76143FE2ABA6265D2C1 /* ExamListView.swift */,
				990747A9A954B4EC049AA348 /* ExamDetailView.swift */,
				D504DBAF3728329AFB2B222A /* ToolListView.swift */,
				5B5A8A4F9D0A4FEC2340EBE7 /* ToolDetailView.swift */,
				180BF067FD437835718C7EE4 /* ExamToolsView.swift */,
			);
			path = Reference;
			sourceTree = "<group>";
		};
		52F15E108E9EA4CF371860B8 /* Services */ = {
			isa = PBXGroup;
			children = (
				051E9E5BC94984876BA01D54 /* PlanStore.swift */,
				14A1EFCD8298BEE64CA27944 /* PlanBuilder.swift */,
				E6A4270F2B88F11ED6040C3B /* ReferenceStore.swift */,
				29A6C238188E2F39FF35B349 /* ClinicalErrorService.swift */,
				23F9E9F2ED62ED5572179565 /* EntitlementService.swift */,
				9E069CD8C5343F87F947A9C5 /* StopwatchService.swift */,
				57C3AF7498A55F90D742C9B8 /* SubscriptionService.swift */,
				AFA856C9E56DDBD3BC25B854 /* SupabaseService.swift */,
				14A5061C659D4655EE9D5886 /* UserPreferences.swift */,
				18CAD803B20C7F304F210D3C /* CalculatorEngine.swift */,
			);
			path = Services;
			sourceTree = "<group>";
		};
		6003941035F69DECDC3A08ED /* Products */ = {
			isa = PBXGroup;
			children = (
				F7901E6A9C0D4ABCFC83DE4E /* Neuro Plans.app */,
			);
			name = Products;
			sourceTree = "<group>";
		};
		81A380EB15907B5D82018DD9 /* NeuroPlans */ = {
			isa = PBXGroup;
			children = (
				E1A2B3C4D5E6F7A8B9C0D1E2 /* NeuroPlans.entitlements */,
				B2C3D4E5F6A7B8C9D0E1F2A3 /* PrivacyInfo.xcprivacy */,
				4B0E722DF8A276C1D329B6C7 /* NeuroPlansApp.swift */,
				D2E3F4A5B6C7D8E9F0A1B2C3 /* SpecialtyConfig.swift */,
				A7D7F43EDCBBEE35BABFD04F /* Assets.xcassets */,
				C3A2F3A3BCE1A888A30F8D8E /* Models */,
				52F15E108E9EA4CF371860B8 /* Services */,
				846F46AB2172A1B3A18B9A10 /* Theme */,
				F5E20934F3754C98D2BE314E /* Views */,
				2F25B4994708BA11A17FD20B /* Resources */,
			);
			path = NeuroPlans;
			sourceTree = "<group>";
		};
		846F46AB2172A1B3A18B9A10 /* Theme */ = {
			isa = PBXGroup;
			children = (
				3664493D66193B78FB79739D /* Theme.swift */,
			);
			path = Theme;
			sourceTree = "<group>";
		};
		9E647B1B520442F90CA795C7 /* Builder */ = {
			isa = PBXGroup;
			children = (
				345BE8DC931E756F724E4BBB /* BuilderView.swift */,
			);
			path = Builder;
			sourceTree = "<group>";
		};
		AD64142BBBFA1569D1106200 /* Settings */ = {
			isa = PBXGroup;
			children = (
				8E470B439A45526F757CB297 /* SettingsView.swift */,
				AA1122334455667788990011 /* PlanRequestView.swift */,
			);
			path = Settings;
			sourceTree = "<group>";
		};
		C3A2F3A3BCE1A888A30F8D8E /* Models */ = {
			isa = PBXGroup;
			children = (
				9B52997B40ADABD1140955F7 /* Plan.swift */,
				18F8D175776E368F7CF13158 /* Category.swift */,
				1E496D3B9D01E33D9A62D67B /* Reference.swift */,
			);
			path = Models;
			sourceTree = "<group>";
		};
		C6C5EA51E3A3F6F4590F63B1 /* Browse */ = {
			isa = PBXGroup;
			children = (
				3DB66DC643C11DD37C464E0D /* PlanListView.swift */,
				A1157FF680C211C92DABE34C /* PlanRow.swift */,
			);
			path = Browse;
			sourceTree = "<group>";
		};
		C792D4A2D1B391EB63935E43 /* Favorites */ = {
			isa = PBXGroup;
			children = (
				F0D8831CF461F1C86B0E4045 /* FavoritesView.swift */,
			);
			path = Favorites;
			sourceTree = "<group>";
		};
		F2A9320D427012355038F1DC /* Frameworks */ = {
			isa = PBXGroup;
			children = (
			);
			name = Frameworks;
			sourceTree = "<group>";
		};
		F2EA40616016E8833A197738 /* Detail */ = {
			isa = PBXGroup;
			children = (
				ED622C2AA2DA8137479E67E7 /* PlanDetailView.swift */,
				F7BF42F25BA33008E27C26B0 /* SectionGroup.swift */,
				89C84531BE92B57E04B682FA /* ItemRows.swift */,
				6A3AA9DF32B635D511448B19 /* TreatmentItemRow.swift */,
			);
			path = Detail;
			sourceTree = "<group>";
		};
		F5E20934F3754C98D2BE314E /* Views */ = {
			isa = PBXGroup;
			children = (
				64EE47C9F4B6CCBB261C3B55 /* MainTabView.swift */,
				3D90CC358F41E9AC8E357ED3 /* Components */,
				283E98706E2ADE744A01A6EB /* Home */,
				C6C5EA51E3A3F6F4590F63B1 /* Browse */,
				F2EA40616016E8833A197738 /* Detail */,
				9E647B1B520442F90CA795C7 /* Builder */,
				C792D4A2D1B391EB63935E43 /* Favorites */,
				AD64142BBBFA1569D1106200 /* Settings */,
				48F17F5AB268D003BE4EDC5C /* Reference */,
				DF05FC6BFBC7DDD09B78B862 /* DisclaimerView.swift */,
				31B4D499B254416309177563 /* Subscription */,
			);
			path = Views;
			sourceTree = "<group>";
		};
/* End PBXGroup section */

/* Begin PBXNativeTarget section */
		3320D1B9726F26BA0F002A8F /* NeuroPlans */ = {
			isa = PBXNativeTarget;
			buildConfigurationList = B82CF7AE69A936F33C559505 /* Build configuration list for PBXNativeTarget "NeuroPlans" */;
			buildPhases = (
				64EB43042998ED1D3C8D158C /* Sources */,
				A68E83F9988AAF47212C2373 /* Frameworks */,
				828A81B9311DDE6C4E2759A4 /* Resources */,
			);
			buildRules = (
			);
			dependencies = (
			);
			name = NeuroPlans;
			packageProductDependencies = (
				D655C68C3D68C9F5B364C874 /* Supabase */,
			);
			productName = NeuroPlans;
			productReference = F7901E6A9C0D4ABCFC83DE4E /* Neuro Plans.app */;
			productType = "com.apple.product-type.application";
		};
/* End PBXNativeTarget section */

/* Begin PBXProject section */
		A35602C89D700A588E678BB5 /* Project object */ = {
			isa = PBXProject;
			buildConfigurationList = D59B81C867213E2FD6D26F00 /* Build configuration list for PBXProject "NeuroPlans" */;
			compatibilityVersion = "Xcode 14.0";
			developmentRegion = en;
			hasScannedForEncodings = 0;
			knownRegions = (
				en,
				Base,
			);
			mainGroup = 3BA77459EEFDDB1C2ED9DDE4;
			packageReferences = (
				3C9A6EC6F633F06EB49399EC /* XCRemoteSwiftPackageReference "supabase-swift" */,
			);
			productRefGroup = 6003941035F69DECDC3A08ED /* Products */;
			projectDirPath = "";
			projectRoot = "";
			targets = (
				3320D1B9726F26BA0F002A8F /* NeuroPlans */,
			);
		};
/* End PBXProject section */

/* Begin PBXResourcesBuildPhase section */
		828A81B9311DDE6C4E2759A4 /* Resources */ = {
			isa = PBXResourcesBuildPhase;
			buildActionMask = 2147483647;
			files = (
				7D170A6A2E0159693F5A623B /* plans.json in Resources */,
				CD52DDE0A569677F93DDD3C6 /* scales.json in Resources */,
				CF0CB7A1ED1FA097A22803EC /* exams.json in Resources */,
				F16162B36E17F436547EE7C9 /* tools.json in Resources */,
				F7EF2FF2CAE7C504BB9CF5E1 /* Assets.xcassets in Resources */,
				A1B2C3D4E5F6A7B8C9D0E1F2 /* PrivacyInfo.xcprivacy in Resources */,
				FF6677889900112233445566 /* changelog.json in Resources */,
			);
			runOnlyForDeploymentPostprocessing = 0;
		};
/* End PBXResourcesBuildPhase section */

/* Begin PBXSourcesBuildPhase section */
		64EB43042998ED1D3C8D158C /* Sources */ = {
			isa = PBXSourcesBuildPhase;
			buildActionMask = 2147483647;
			files = (
				48429B7D684F345754B27131 /* NeuroPlansApp.swift in Sources */,
				106C8ED50E394E908FB4F614 /* Plan.swift in Sources */,
				1DA4CD0710BF12E963035778 /* Category.swift in Sources */,
				CAF551675E07DD05D357D135 /* Reference.swift in Sources */,
				14F2D502F550D5D498AA8AF3 /* Theme.swift in Sources */,
				F57624D3BDA5A2D578668EF9 /* PlanStore.swift in Sources */,
				A9FC4FD37D8EA901D77A7108 /* PlanBuilder.swift in Sources */,
				D051B4B827EAB918DAFA6E08 /* ReferenceStore.swift in Sources */,
				BF948192111AEDAFFBD4B002 /* PriorityBadge.swift in Sources */,
				C437590125543DE2C87CDD57 /* SettingPicker.swift in Sources */,
				F351A74A07ED8AF8A9C93243 /* GlassCard.swift in Sources */,
				7A7B81869042D63A31CBF80B /* MetadataChip.swift in Sources */,
				407BC0FF343E6B8D7D9F62FF /* MarkdownLinkText.swift in Sources */,
				AC96B94BF83E6533E3228603 /* MainTabView.swift in Sources */,
				8394F7F650E5636901BED8D7 /* HomeView.swift in Sources */,
				467CBAC2C8D6FCB2C07261FF /* CategoryCard.swift in Sources */,
				F2ED9EC63CAD49EFEEE4E736 /* PlanListView.swift in Sources */,
				D43E91214876B582379577BF /* PlanRow.swift in Sources */,
				F7E0D4E711260D7A93815FB5 /* PlanDetailView.swift in Sources */,
				CB6F335C97A34158EB4ED2E9 /* SectionGroup.swift in Sources */,
				BAEE19C744F767FB2082AE73 /* ItemRows.swift in Sources */,
				172FFA5087D8AA698B6F818A /* TreatmentItemRow.swift in Sources */,
				863183ED4E8E1B819D51238D /* BuilderView.swift in Sources */,
				EC7865A1384EAA88E84F0AD5 /* FavoritesView.swift in Sources */,
				493DA2C548CDDD063917CBB3 /* SettingsView.swift in Sources */,
				CA0E9BA4E0EA8163531616A2 /* ReferenceHomeView.swift in Sources */,
				DCC5651725FEBEAA99B978C5 /* ScaleListView.swift in Sources */,
				627E8EDCE3891F54640748ED /* ScaleDetailView.swift in Sources */,
				671036B2852085071D291E3D /* ExamListView.swift in Sources */,
				42225C2D20D7FAD910750B6F /* ExamDetailView.swift in Sources */,
				ED9B794B63DF898336133744 /* ToolListView.swift in Sources */,
				BB2E8DEEE36199BB36D6FFB9 /* ToolDetailView.swift in Sources */,
				8A5420F06F55C5C30C615665 /* ClinicalErrorService.swift in Sources */,
				E4D23964893972A455ED6931 /* EntitlementService.swift in Sources */,
				BA5B78411910C2CDB0AAD916 /* StopwatchService.swift in Sources */,
				2A70B1D06EF7D4E25F973F0A /* SubscriptionService.swift in Sources */,
				48AC61E872DA0FCF1537EEA1 /* SupabaseService.swift in Sources */,
				F7AAE90EF0F8697C5C766D76 /* UserPreferences.swift in Sources */,
				6B8D36E14B9489CE0F1BCE1D /* CalculatorEngine.swift in Sources */,
				1EC8B01E76192CE9BB3E118D /* DisclaimerView.swift in Sources */,
				15E833A261EDD46FE1E1E2B4 /* ExamToolsView.swift in Sources */,
				D9F4BAFD9A0CD3C78F689147 /* ClinicalErrorReportView.swift in Sources */,
				5F092F0471C77F0AE4EDAA48 /* EmailVerificationView.swift in Sources */,
				716491BF0775D5E24E0FE73F /* ErrorReportMailView.swift in Sources */,
				5432584D441E7602AECCDE45 /* PaywallView.swift in Sources */,
				C1D2E3F4A5B6C7D8E9F0A1B2 /* SpecialtyConfig.swift in Sources */,
				DD4455667788990011223344 /* PlanRequestView.swift in Sources */,
				EE5566778899001122334455 /* WhatsNewView.swift in Sources */,
			);
			runOnlyForDeploymentPostprocessing = 0;
		};
/* End PBXSourcesBuildPhase section */

/* Begin XCBuildConfiguration section */
		4D1B1A83C24025485BDF26F8 /* Release */ = {
			isa = XCBuildConfiguration;
			buildSettings = {
				ALWAYS_SEARCH_USER_PATHS = NO;
				ASSTETS_DIR = "";
				CLANG_ANALYZER_NONNULL = YES;
				CLANG_ANALYZER_NUMBER_OBJECT_CONVERSION = YES_AGGRESSIVE;
				CLANG_CXX_LANGUAGE_STANDARD = "gnu++20";
				CLANG_ENABLE_MODULES = YES;
				CLANG_ENABLE_OBJC_ARC = YES;
				CLANG_ENABLE_OBJC_WEAK = YES;
				CLANG_WARN_BLOCK_CAPTURE_AUTORELEASING = YES;
				CLANG_WARN_BOOL_CONVERSION = YES;
				CLANG_WARN_COMMA = YES;
				CLANG_WARN_CONSTANT_CONVERSION = YES;
				CLANG_WARN_DEPRECATED_OBJC_IMPLEMENTATIONS = YES;
				CLANG_WARN_DIRECT_OBJC_ISA_USAGE = YES_ERROR;
				CLANG_WARN_DOCUMENTATION_COMMENTS = YES;
				CLANG_WARN_EMPTY_BODY = YES;
				CLANG_WARN_ENUM_CONVERSION = YES;
				CLANG_WARN_INFINITE_RECURSION = YES;
				CLANG_WARN_INT_CONVERSION = YES;
				CLANG_WARN_NON_LITERAL_NULL_CONVERSION = YES;
				CLANG_WARN_OBJC_IMPLICIT_RETAIN_SELF = YES;
				CLANG_WARN_OBJC_LITERAL_CONVERSION = YES;
				CLANG_WARN_OBJC_ROOT_CLASS = YES_ERROR;
				CLANG_WARN_QUOTED_INCLUDE_IN_FRAMEWORK_HEADER = YES;
				CLANG_WARN_RANGE_LOOP_ANALYSIS = YES;
				CLANG_WARN_STRICT_PROTOTYPES = YES;
				CLANG_WARN_SUSPICIOUS_MOVE = YES;
				CLANG_WARN_UNGUARDED_AVAILABILITY = YES_AGGRESSIVE;
				CLANG_WARN_UNREACHABLE_CODE = YES;
				CLANG_WARN__DUPLICATE_METHOD_MATCH = YES;
				COPY_PHASE_STRIP = NO;
				DEBUG_INFORMATION_FORMAT = "dwarf-with-dsym";
				ENABLE_NS_ASSERTIONS = NO;
				ENABLE_STRICT_OBJC_MSGSEND = YES;
				ENABLE_USER_SCRIPT_SANDBOXING = YES;
				GCC_C_LANGUAGE_STANDARD = gnu17;
				GCC_NO_COMMON_BLOCKS = YES;
				GCC_WARN_64_TO_32_BIT_CONVERSION = YES;
				GCC_WARN_ABOUT_RETURN_TYPE = YES_ERROR;
				GCC_WARN_UNDECLARED_SELECTOR = YES;
				GCC_WARN_UNINITIALIZED_AUTOS = YES_AGGRESSIVE;
				GCC_WARN_UNUSED_FUNCTION = YES;
				GCC_WARN_UNUSED_VARIABLE = YES;
				IPHONEOS_DEPLOYMENT_TARGET = 17.0;
				LOCALIZATION_PREFERS_STRING_CATALOGS = YES;
				MTL_ENABLE_DEBUG_INFO = NO;
				MTL_FAST_MATH = YES;
				SDKROOT = iphoneos;
				SWIFT_COMPILATION_MODE = wholemodule;
				SWIFT_VERSION = 5.9;
				VALIDATE_PRODUCT = YES;
			};
			name = Release;
		};
		7AF11E30B9D6C67F56DB2F5A /* Debug */ = {
			isa = XCBuildConfiguration;
			buildSettings = {
				ASSETCATALOG_COMPILER_APPICON_NAME = AppIcon;
				ASSETCATALOG_COMPILER_GLOBAL_ACCENT_COLOR_NAME = AccentColor;
				CODE_SIGN_ENTITLEMENTS = NeuroPlans/NeuroPlans.entitlements;
				CODE_SIGN_STYLE = Automatic;
				CURRENT_PROJECT_VERSION = 1;
				DEVELOPMENT_TEAM = 92YUSSM83T;
				GENERATE_INFOPLIST_FILE = YES;
				INFOPLIST_KEY_CFBundleDisplayName = "Neuro Plans";
				INFOPLIST_KEY_UIApplicationSceneManifest_Generation = YES;
				INFOPLIST_KEY_UIApplicationSupportsIndirectInputEvents = YES;
				INFOPLIST_KEY_UILaunchScreen_Generation = YES;
				INFOPLIST_KEY_UISupportedInterfaceOrientations = UIInterfaceOrientationPortrait;
				INFOPLIST_KEY_UISupportedInterfaceOrientations_iPad = "UIInterfaceOrientationPortrait UIInterfaceOrientationPortraitUpsideDown UIInterfaceOrientationLandscapeLeft UIInterfaceOrientationLandscapeRight";
				MARKETING_VERSION = 1.0.0;
				PRODUCT_BUNDLE_IDENTIFIER = com.neuroplans.app;
				PRODUCT_NAME = "Neuro Plans";
				SWIFT_EMIT_LOC_STRINGS = YES;
				SWIFT_VERSION = 5.9;
				TARGETED_DEVICE_FAMILY = "1,2";
			};
			name = Debug;
		};
		969553509697A443676D35FF /* Debug */ = {
			isa = XCBuildConfiguration;
			buildSettings = {
				ALWAYS_SEARCH_USER_PATHS = NO;
				ASSTETS_DIR = "";
				CLANG_ANALYZER_NONNULL = YES;
				CLANG_ANALYZER_NUMBER_OBJECT_CONVERSION = YES_AGGRESSIVE;
				CLANG_CXX_LANGUAGE_STANDARD = "gnu++20";
				CLANG_ENABLE_MODULES = YES;
				CLANG_ENABLE_OBJC_ARC = YES;
				CLANG_ENABLE_OBJC_WEAK = YES;
				CLANG_WARN_BLOCK_CAPTURE_AUTORELEASING = YES;
				CLANG_WARN_BOOL_CONVERSION = YES;
				CLANG_WARN_COMMA = YES;
				CLANG_WARN_CONSTANT_CONVERSION = YES;
				CLANG_WARN_DEPRECATED_OBJC_IMPLEMENTATIONS = YES;
				CLANG_WARN_DIRECT_OBJC_ISA_USAGE = YES_ERROR;
				CLANG_WARN_DOCUMENTATION_COMMENTS = YES;
				CLANG_WARN_EMPTY_BODY = YES;
				CLANG_WARN_ENUM_CONVERSION = YES;
				CLANG_WARN_INFINITE_RECURSION = YES;
				CLANG_WARN_INT_CONVERSION = YES;
				CLANG_WARN_NON_LITERAL_NULL_CONVERSION = YES;
				CLANG_WARN_OBJC_IMPLICIT_RETAIN_SELF = YES;
				CLANG_WARN_OBJC_LITERAL_CONVERSION = YES;
				CLANG_WARN_OBJC_ROOT_CLASS = YES_ERROR;
				CLANG_WARN_QUOTED_INCLUDE_IN_FRAMEWORK_HEADER = YES;
				CLANG_WARN_RANGE_LOOP_ANALYSIS = YES;
				CLANG_WARN_STRICT_PROTOTYPES = YES;
				CLANG_WARN_SUSPICIOUS_MOVE = YES;
				CLANG_WARN_UNGUARDED_AVAILABILITY = YES_AGGRESSIVE;
				CLANG_WARN_UNREACHABLE_CODE = YES;
				CLANG_WARN__DUPLICATE_METHOD_MATCH = YES;
				COPY_PHASE_STRIP = NO;
				DEBUG_INFORMATION_FORMAT = dwarf;
				ENABLE_STRICT_OBJC_MSGSEND = YES;
				ENABLE_TESTABILITY = YES;
				ENABLE_USER_SCRIPT_SANDBOXING = YES;
				GCC_C_LANGUAGE_STANDARD = gnu17;
				GCC_DYNAMIC_NO_PIC = NO;
				GCC_NO_COMMON_BLOCKS = YES;
				GCC_OPTIMIZATION_LEVEL = 0;
				GCC_PREPROCESSOR_DEFINITIONS = (
					"DEBUG=1",
					"$(inherited)",
				);
				GCC_WARN_64_TO_32_BIT_CONVERSION = YES;
				GCC_WARN_ABOUT_RETURN_TYPE = YES_ERROR;
				GCC_WARN_UNDECLARED_SELECTOR = YES;
				GCC_WARN_UNINITIALIZED_AUTOS = YES_AGGRESSIVE;
				GCC_WARN_UNUSED_FUNCTION = YES;
				GCC_WARN_UNUSED_VARIABLE = YES;
				IPHONEOS_DEPLOYMENT_TARGET = 17.0;
				LOCALIZATION_PREFERS_STRING_CATALOGS = YES;
				MTL_ENABLE_DEBUG_INFO = INCLUDE_SOURCE;
				MTL_FAST_MATH = YES;
				ONLY_ACTIVE_ARCH = YES;
				SDKROOT = iphoneos;
				SWIFT_ACTIVE_COMPILATION_CONDITIONS = "$(inherited) DEBUG";
				SWIFT_OPTIMIZATION_LEVEL = "-Onone";
				SWIFT_VERSION = 5.9;
			};
			name = Debug;
		};
		ABC7A883738896BA05DD90B4 /* Release */ = {
			isa = XCBuildConfiguration;
			buildSettings = {
				ASSETCATALOG_COMPILER_APPICON_NAME = AppIcon;
				ASSETCATALOG_COMPILER_GLOBAL_ACCENT_COLOR_NAME = AccentColor;
				CODE_SIGN_ENTITLEMENTS = NeuroPlans/NeuroPlans.entitlements;
				CODE_SIGN_STYLE = Automatic;
				CURRENT_PROJECT_VERSION = 1;
				DEVELOPMENT_TEAM = 92YUSSM83T;
				GENERATE_INFOPLIST_FILE = YES;
				INFOPLIST_KEY_CFBundleDisplayName = "Neuro Plans";
				INFOPLIST_KEY_UIApplicationSceneManifest_Generation = YES;
				INFOPLIST_KEY_UIApplicationSupportsIndirectInputEvents = YES;
				INFOPLIST_KEY_UILaunchScreen_Generation = YES;
				INFOPLIST_KEY_UISupportedInterfaceOrientations = UIInterfaceOrientationPortrait;
				INFOPLIST_KEY_UISupportedInterfaceOrientations_iPad = "UIInterfaceOrientationPortrait UIInterfaceOrientationPortraitUpsideDown UIInterfaceOrientationLandscapeLeft UIInterfaceOrientationLandscapeRight";
				MARKETING_VERSION = 1.0.0;
				PRODUCT_BUNDLE_IDENTIFIER = com.neuroplans.app;
				PRODUCT_NAME = "Neuro Plans";
				SWIFT_EMIT_LOC_STRINGS = YES;
				SWIFT_VERSION = 5.9;
				TARGETED_DEVICE_FAMILY = "1,2";
			};
			name = Release;
		};
/* End XCBuildConfiguration section */

/* Begin XCConfigurationList section */
		B82CF7AE69A936F33C559505 /* Build configuration list for PBXNativeTarget "NeuroPlans" */ = {
			isa = XCConfigurationList;
			buildConfigurations = (
				7AF11E30B9D6C67F56DB2F5A /* Debug */,
				ABC7A883738896BA05DD90B4 /* Release */,
			);
			defaultConfigurationIsVisible = 0;
			defaultConfigurationName = Release;
		};
		D59B81C867213E2FD6D26F00 /* Build configuration list for PBXProject "NeuroPlans" */ = {
			isa = XCConfigurationList;
			buildConfigurations = (
				969553509697A443676D35FF /* Debug */,
				4D1B1A83C24025485BDF26F8 /* Release */,
			);
			defaultConfigurationIsVisible = 0;
			defaultConfigurationName = Release;
		};
/* End XCConfigurationList section */

/* Begin XCRemoteSwiftPackageReference section */
		3C9A6EC6F633F06EB49399EC /* XCRemoteSwiftPackageReference "supabase-swift" */ = {
			isa = XCRemoteSwiftPackageReference;
			repositoryURL = "https://github.com/supabase/supabase-swift.git";
			requirement = {
				kind = upToNextMajorVersion;
				minimumVersion = 2.0.0;
			};
		};
/* End XCRemoteSwiftPackageReference section */

/* Begin XCSwiftPackageProductDependency section */
		D655C68C3D68C9F5B364C874 /* Supabase */ = {
			isa = XCSwiftPackageProductDependency;
			package = 3C9A6EC6F633F06EB49399EC /* XCRemoteSwiftPackageReference "supabase-swift" */;
			productName = Supabase;
		};
/* End XCSwiftPackageProductDependency section */
	};
	rootObject = A35602C89D700A588E678BB5 /* Project object */;
}
