// !$*UTF8*$!
{
	archiveVersion = 1;
	classes = {
	};
	objectVersion = 56;
	objects = {

/* Begin PBXBuildFile section */
		48429B7D684F345754B27131 /* NeuroPlansApp.swift in Sources */ = {isa = PBXBuildFile; fileRef = 4B0E722DF8A276C1D329B6C7 /* NeuroPlansApp.swift */; };
		106C8ED50E394E908FB4F614 /* Plan.swift in Sources */ = {isa = PBXBuildFile; fileRef = 9B52997B40ADABD1140955F7 /* Plan.swift */; };
		1DA4CD0710BF12E963035778 /* Category.swift in Sources */ = {isa = PBXBuildFile; fileRef = 18F8D175776E368F7CF13158 /* Category.swift */; };
		14F2D502F550D5D498AA8AF3 /* Theme.swift in Sources */ = {isa = PBXBuildFile; fileRef = 3664493D66193B78FB79739D /* Theme.swift */; };
		F57624D3BDA5A2D578668EF9 /* PlanStore.swift in Sources */ = {isa = PBXBuildFile; fileRef = 051E9E5BC94984876BA01D54 /* PlanStore.swift */; };
		A9FC4FD37D8EA901D77A7108 /* PlanBuilder.swift in Sources */ = {isa = PBXBuildFile; fileRef = 14A1EFCD8298BEE64CA27944 /* PlanBuilder.swift */; };
		BF948192111AEDAFFBD4B002 /* PriorityBadge.swift in Sources */ = {isa = PBXBuildFile; fileRef = 5CB60595666619CF99A27966 /* PriorityBadge.swift */; };
		C437590125543DE2C87CDD57 /* SettingPicker.swift in Sources */ = {isa = PBXBuildFile; fileRef = 8507B6F674929EFE39750F39 /* SettingPicker.swift */; };
		F351A74A07ED8AF8A9C93243 /* GlassCard.swift in Sources */ = {isa = PBXBuildFile; fileRef = EB3E81FD7ED190EE711462C6 /* GlassCard.swift */; };
		7A7B81869042D63A31CBF80B /* MetadataChip.swift in Sources */ = {isa = PBXBuildFile; fileRef = 2DF2F00F44B6CFF96678B104 /* MetadataChip.swift */; };
		AC96B94BF83E6533E3228603 /* MainTabView.swift in Sources */ = {isa = PBXBuildFile; fileRef = 64EE47C9F4B6CCBB261C3B55 /* MainTabView.swift */; };
		8394F7F650E5636901BED8D7 /* HomeView.swift in Sources */ = {isa = PBXBuildFile; fileRef = 0C672E86ADD485562B657B36 /* HomeView.swift */; };
		467CBAC2C8D6FCB2C07261FF /* CategoryCard.swift in Sources */ = {isa = PBXBuildFile; fileRef = 447DC3FE92719D0004BD825A /* CategoryCard.swift */; };
		F2ED9EC63CAD49EFEEE4E736 /* PlanListView.swift in Sources */ = {isa = PBXBuildFile; fileRef = 3DB66DC643C11DD37C464E0D /* PlanListView.swift */; };
		D43E91214876B582379577BF /* PlanRow.swift in Sources */ = {isa = PBXBuildFile; fileRef = A1157FF680C211C92DABE34C /* PlanRow.swift */; };
		F7E0D4E711260D7A93815FB5 /* PlanDetailView.swift in Sources */ = {isa = PBXBuildFile; fileRef = ED622C2AA2DA8137479E67E7 /* PlanDetailView.swift */; };
		CB6F335C97A34158EB4ED2E9 /* SectionGroup.swift in Sources */ = {isa = PBXBuildFile; fileRef = F7BF42F25BA33008E27C26B0 /* SectionGroup.swift */; };
		BAEE19C744F767FB2082AE73 /* ItemRows.swift in Sources */ = {isa = PBXBuildFile; fileRef = 89C84531BE92B57E04B682FA /* ItemRows.swift */; };
		172FFA5087D8AA698B6F818A /* TreatmentItemRow.swift in Sources */ = {isa = PBXBuildFile; fileRef = 6A3AA9DF32B635D511448B19 /* TreatmentItemRow.swift */; };
		863183ED4E8E1B819D51238D /* BuilderView.swift in Sources */ = {isa = PBXBuildFile; fileRef = 345BE8DC931E756F724E4BBB /* BuilderView.swift */; };
		EC7865A1384EAA88E84F0AD5 /* FavoritesView.swift in Sources */ = {isa = PBXBuildFile; fileRef = F0D8831CF461F1C86B0E4045 /* FavoritesView.swift */; };
		493DA2C548CDDD063917CBB3 /* SettingsView.swift in Sources */ = {isa = PBXBuildFile; fileRef = 8E470B439A45526F757CB297 /* SettingsView.swift */; };
		7D170A6A2E0159693F5A623B /* plans.json in Resources */ = {isa = PBXBuildFile; fileRef = 4316A3C3972A79AD6DFBE220 /* plans.json */; };
		F7EF2FF2CAE7C504BB9CF5E1 /* Assets.xcassets in Resources */ = {isa = PBXBuildFile; fileRef = A7D7F43EDCBBEE35BABFD04F /* Assets.xcassets */; };
/* End PBXBuildFile section */

/* Begin PBXFileReference section */
		4B0E722DF8A276C1D329B6C7 /* NeuroPlansApp.swift */ = {isa = PBXFileReference; lastKnownFileType = sourcecode.swift; path = NeuroPlansApp.swift; sourceTree = "<group>"; };
		9B52997B40ADABD1140955F7 /* Plan.swift */ = {isa = PBXFileReference; lastKnownFileType = sourcecode.swift; path = Plan.swift; sourceTree = "<group>"; };
		18F8D175776E368F7CF13158 /* Category.swift */ = {isa = PBXFileReference; lastKnownFileType = sourcecode.swift; path = Category.swift; sourceTree = "<group>"; };
		3664493D66193B78FB79739D /* Theme.swift */ = {isa = PBXFileReference; lastKnownFileType = sourcecode.swift; path = Theme.swift; sourceTree = "<group>"; };
		051E9E5BC94984876BA01D54 /* PlanStore.swift */ = {isa = PBXFileReference; lastKnownFileType = sourcecode.swift; path = PlanStore.swift; sourceTree = "<group>"; };
		14A1EFCD8298BEE64CA27944 /* PlanBuilder.swift */ = {isa = PBXFileReference; lastKnownFileType = sourcecode.swift; path = PlanBuilder.swift; sourceTree = "<group>"; };
		5CB60595666619CF99A27966 /* PriorityBadge.swift */ = {isa = PBXFileReference; lastKnownFileType = sourcecode.swift; path = PriorityBadge.swift; sourceTree = "<group>"; };
		8507B6F674929EFE39750F39 /* SettingPicker.swift */ = {isa = PBXFileReference; lastKnownFileType = sourcecode.swift; path = SettingPicker.swift; sourceTree = "<group>"; };
		EB3E81FD7ED190EE711462C6 /* GlassCard.swift */ = {isa = PBXFileReference; lastKnownFileType = sourcecode.swift; path = GlassCard.swift; sourceTree = "<group>"; };
		2DF2F00F44B6CFF96678B104 /* MetadataChip.swift */ = {isa = PBXFileReference; lastKnownFileType = sourcecode.swift; path = MetadataChip.swift; sourceTree = "<group>"; };
		64EE47C9F4B6CCBB261C3B55 /* MainTabView.swift */ = {isa = PBXFileReference; lastKnownFileType = sourcecode.swift; path = MainTabView.swift; sourceTree = "<group>"; };
		0C672E86ADD485562B657B36 /* HomeView.swift */ = {isa = PBXFileReference; lastKnownFileType = sourcecode.swift; path = HomeView.swift; sourceTree = "<group>"; };
		447DC3FE92719D0004BD825A /* CategoryCard.swift */ = {isa = PBXFileReference; lastKnownFileType = sourcecode.swift; path = CategoryCard.swift; sourceTree = "<group>"; };
		3DB66DC643C11DD37C464E0D /* PlanListView.swift */ = {isa = PBXFileReference; lastKnownFileType = sourcecode.swift; path = PlanListView.swift; sourceTree = "<group>"; };
		A1157FF680C211C92DABE34C /* PlanRow.swift */ = {isa = PBXFileReference; lastKnownFileType = sourcecode.swift; path = PlanRow.swift; sourceTree = "<group>"; };
		ED622C2AA2DA8137479E67E7 /* PlanDetailView.swift */ = {isa = PBXFileReference; lastKnownFileType = sourcecode.swift; path = PlanDetailView.swift; sourceTree = "<group>"; };
		F7BF42F25BA33008E27C26B0 /* SectionGroup.swift */ = {isa = PBXFileReference; lastKnownFileType = sourcecode.swift; path = SectionGroup.swift; sourceTree = "<group>"; };
		89C84531BE92B57E04B682FA /* ItemRows.swift */ = {isa = PBXFileReference; lastKnownFileType = sourcecode.swift; path = ItemRows.swift; sourceTree = "<group>"; };
		6A3AA9DF32B635D511448B19 /* TreatmentItemRow.swift */ = {isa = PBXFileReference; lastKnownFileType = sourcecode.swift; path = TreatmentItemRow.swift; sourceTree = "<group>"; };
		345BE8DC931E756F724E4BBB /* BuilderView.swift */ = {isa = PBXFileReference; lastKnownFileType = sourcecode.swift; path = BuilderView.swift; sourceTree = "<group>"; };
		F0D8831CF461F1C86B0E4045 /* FavoritesView.swift */ = {isa = PBXFileReference; lastKnownFileType = sourcecode.swift; path = FavoritesView.swift; sourceTree = "<group>"; };
		8E470B439A45526F757CB297 /* SettingsView.swift */ = {isa = PBXFileReference; lastKnownFileType = sourcecode.swift; path = SettingsView.swift; sourceTree = "<group>"; };
		4316A3C3972A79AD6DFBE220 /* plans.json */ = {isa = PBXFileReference; lastKnownFileType = text.json; path = plans.json; sourceTree = "<group>"; };
		A7D7F43EDCBBEE35BABFD04F /* Assets.xcassets */ = {isa = PBXFileReference; lastKnownFileType = folder.assetcatalog; path = Assets.xcassets; sourceTree = "<group>"; };
		F7901E6A9C0D4ABCFC83DE4E /* Neuro Plans.app */ = {isa = PBXFileReference; explicitFileType = wrapper.application; includeInIndex = 0; path = "Neuro Plans.app"; sourceTree = BUILT_PRODUCTS_DIR; };
/* End PBXFileReference section */

/* Begin PBXFrameworksBuildPhase section */
		A68E83F9988AAF47212C2373 /* Frameworks */ = {
			isa = PBXFrameworksBuildPhase;
			buildActionMask = 2147483647;
			files = (
			);
			runOnlyForDeploymentPostprocessing = 0;
		};
/* End PBXFrameworksBuildPhase section */

/* Begin PBXGroup section */
		3BA77459EEFDDB1C2ED9DDE4 = {
			isa = PBXGroup;
			children = (
				81A380EB15907B5D82018DD9 /* NeuroPlans */,
				6003941035F69DECDC3A08ED /* Products */,
				F2A9320D427012355038F1DC /* Frameworks */,
			);
			sourceTree = "<group>";
		};
		6003941035F69DECDC3A08ED /* Products */ = {
			isa = PBXGroup;
			children = (
				F7901E6A9C0D4ABCFC83DE4E /* Neuro Plans.app */,
			);
			name = Products;
			sourceTree = "<group>";
		};
		F2A9320D427012355038F1DC /* Frameworks */ = {
			isa = PBXGroup;
			children = (
			);
			name = Frameworks;
			sourceTree = "<group>";
		};
		81A380EB15907B5D82018DD9 /* NeuroPlans */ = {
			isa = PBXGroup;
			children = (
				4B0E722DF8A276C1D329B6C7 /* NeuroPlansApp.swift */,
				A7D7F43EDCBBEE35BABFD04F /* Assets.xcassets */,
				C3A2F3A3BCE1A888A30F8D8E /* Models */,
				52F15E108E9EA4CF371860B8 /* Services */,
				846F46AB2172A1B3A18B9A10 /* Theme */,
				F5E20934F3754C98D2BE314E /* Views */,
				2F25B4994708BA11A17FD20B /* Resources */,
			);
			path = NeuroPlans;
			sourceTree = "<group>";
		};
		C3A2F3A3BCE1A888A30F8D8E /* Models */ = {
			isa = PBXGroup;
			children = (
				9B52997B40ADABD1140955F7 /* Plan.swift */,
				18F8D175776E368F7CF13158 /* Category.swift */,
			);
			path = Models;
			sourceTree = "<group>";
		};
		52F15E108E9EA4CF371860B8 /* Services */ = {
			isa = PBXGroup;
			children = (
				051E9E5BC94984876BA01D54 /* PlanStore.swift */,
				14A1EFCD8298BEE64CA27944 /* PlanBuilder.swift */,
			);
			path = Services;
			sourceTree = "<group>";
		};
		846F46AB2172A1B3A18B9A10 /* Theme */ = {
			isa = PBXGroup;
			children = (
				3664493D66193B78FB79739D /* Theme.swift */,
			);
			path = Theme;
			sourceTree = "<group>";
		};
		F5E20934F3754C98D2BE314E /* Views */ = {
			isa = PBXGroup;
			children = (
				64EE47C9F4B6CCBB261C3B55 /* MainTabView.swift */,
				3D90CC358F41E9AC8E357ED3 /* Components */,
				283E98706E2ADE744A01A6EB /* Home */,
				C6C5EA51E3A3F6F4590F63B1 /* Browse */,
				F2EA40616016E8833A197738 /* Detail */,
				9E647B1B520442F90CA795C7 /* Builder */,
				C792D4A2D1B391EB63935E43 /* Favorites */,
				AD64142BBBFA1569D1106200 /* Settings */,
			);
			path = Views;
			sourceTree = "<group>";
		};
		3D90CC358F41E9AC8E357ED3 /* Components */ = {
			isa = PBXGroup;
			children = (
				5CB60595666619CF99A27966 /* PriorityBadge.swift */,
				8507B6F674929EFE39750F39 /* SettingPicker.swift */,
				EB3E81FD7ED190EE711462C6 /* GlassCard.swift */,
				2DF2F00F44B6CFF96678B104 /* MetadataChip.swift */,
			);
			path = Components;
			sourceTree = "<group>";
		};
		283E98706E2ADE744A01A6EB /* Home */ = {
			isa = PBXGroup;
			children = (
				0C672E86ADD485562B657B36 /* HomeView.swift */,
				447DC3FE92719D0004BD825A /* CategoryCard.swift */,
			);
			path = Home;
			sourceTree = "<group>";
		};
		C6C5EA51E3A3F6F4590F63B1 /* Browse */ = {
			isa = PBXGroup;
			children = (
				3DB66DC643C11DD37C464E0D /* PlanListView.swift */,
				A1157FF680C211C92DABE34C /* PlanRow.swift */,
			);
			path = Browse;
			sourceTree = "<group>";
		};
		F2EA40616016E8833A197738 /* Detail */ = {
			isa = PBXGroup;
			children = (
				ED622C2AA2DA8137479E67E7 /* PlanDetailView.swift */,
				F7BF42F25BA33008E27C26B0 /* SectionGroup.swift */,
				89C84531BE92B57E04B682FA /* ItemRows.swift */,
				6A3AA9DF32B635D511448B19 /* TreatmentItemRow.swift */,
			);
			path = Detail;
			sourceTree = "<group>";
		};
		9E647B1B520442F90CA795C7 /* Builder */ = {
			isa = PBXGroup;
			children = (
				345BE8DC931E756F724E4BBB /* BuilderView.swift */,
			);
			path = Builder;
			sourceTree = "<group>";
		};
		C792D4A2D1B391EB63935E43 /* Favorites */ = {
			isa = PBXGroup;
			children = (
				F0D8831CF461F1C86B0E4045 /* FavoritesView.swift */,
			);
			path = Favorites;
			sourceTree = "<group>";
		};
		AD64142BBBFA1569D1106200 /* Settings */ = {
			isa = PBXGroup;
			children = (
				8E470B439A45526F757CB297 /* SettingsView.swift */,
			);
			path = Settings;
			sourceTree = "<group>";
		};
		2F25B4994708BA11A17FD20B /* Resources */ = {
			isa = PBXGroup;
			children = (
				4316A3C3972A79AD6DFBE220 /* plans.json */,
			);
			path = Resources;
			sourceTree = "<group>";
		};
/* End PBXGroup section */

/* Begin PBXNativeTarget section */
		3320D1B9726F26BA0F002A8F /* NeuroPlans */ = {
			isa = PBXNativeTarget;
			buildConfigurationList = B82CF7AE69A936F33C559505 /* Build configuration list for PBXNativeTarget "NeuroPlans" */;
			buildPhases = (
				64EB43042998ED1D3C8D158C /* Sources */,
				A68E83F9988AAF47212C2373 /* Frameworks */,
				828A81B9311DDE6C4E2759A4 /* Resources */,
			);
			buildRules = (
			);
			dependencies = (
			);
			name = NeuroPlans;
			productName = NeuroPlans;
			productReference = F7901E6A9C0D4ABCFC83DE4E /* Neuro Plans.app */;
			productType = "com.apple.product-type.application";
		};
/* End PBXNativeTarget section */

/* Begin PBXProject section */
		A35602C89D700A588E678BB5 /* Project object */ = {
			isa = PBXProject;
			buildConfigurationList = D59B81C867213E2FD6D26F00 /* Build configuration list for PBXProject "NeuroPlans" */;
			compatibilityVersion = "Xcode 14.0";
			developmentRegion = en;
			hasScannedForEncodings = 0;
			knownRegions = (
				en,
				Base,
			);
			mainGroup = 3BA77459EEFDDB1C2ED9DDE4;
			productRefGroup = 6003941035F69DECDC3A08ED /* Products */;
			projectDirPath = "";
			projectRoot = "";
			targets = (
				3320D1B9726F26BA0F002A8F /* NeuroPlans */,
			);
		};
/* End PBXProject section */

/* Begin PBXResourcesBuildPhase section */
		828A81B9311DDE6C4E2759A4 /* Resources */ = {
			isa = PBXResourcesBuildPhase;
			buildActionMask = 2147483647;
			files = (
				7D170A6A2E0159693F5A623B /* plans.json in Resources */,
				F7EF2FF2CAE7C504BB9CF5E1 /* Assets.xcassets in Resources */,
			);
			runOnlyForDeploymentPostprocessing = 0;
		};
/* End PBXResourcesBuildPhase section */

/* Begin PBXSourcesBuildPhase section */
		64EB43042998ED1D3C8D158C /* Sources */ = {
			isa = PBXSourcesBuildPhase;
			buildActionMask = 2147483647;
			files = (
				48429B7D684F345754B27131 /* NeuroPlansApp.swift in Sources */,
				106C8ED50E394E908FB4F614 /* Plan.swift in Sources */,
				1DA4CD0710BF12E963035778 /* Category.swift in Sources */,
				14F2D502F550D5D498AA8AF3 /* Theme.swift in Sources */,
				F57624D3BDA5A2D578668EF9 /* PlanStore.swift in Sources */,
				A9FC4FD37D8EA901D77A7108 /* PlanBuilder.swift in Sources */,
				BF948192111AEDAFFBD4B002 /* PriorityBadge.swift in Sources */,
				C437590125543DE2C87CDD57 /* SettingPicker.swift in Sources */,
				F351A74A07ED8AF8A9C93243 /* GlassCard.swift in Sources */,
				7A7B81869042D63A31CBF80B /* MetadataChip.swift in Sources */,
				AC96B94BF83E6533E3228603 /* MainTabView.swift in Sources */,
				8394F7F650E5636901BED8D7 /* HomeView.swift in Sources */,
				467CBAC2C8D6FCB2C07261FF /* CategoryCard.swift in Sources */,
				F2ED9EC63CAD49EFEEE4E736 /* PlanListView.swift in Sources */,
				D43E91214876B582379577BF /* PlanRow.swift in Sources */,
				F7E0D4E711260D7A93815FB5 /* PlanDetailView.swift in Sources */,
				CB6F335C97A34158EB4ED2E9 /* SectionGroup.swift in Sources */,
				BAEE19C744F767FB2082AE73 /* ItemRows.swift in Sources */,
				172FFA5087D8AA698B6F818A /* TreatmentItemRow.swift in Sources */,
				863183ED4E8E1B819D51238D /* BuilderView.swift in Sources */,
				EC7865A1384EAA88E84F0AD5 /* FavoritesView.swift in Sources */,
				493DA2C548CDDD063917CBB3 /* SettingsView.swift in Sources */,
			);
			runOnlyForDeploymentPostprocessing = 0;
		};
/* End PBXSourcesBuildPhase section */

/* Begin XCBuildConfiguration section */
		969553509697A443676D35FF /* Debug */ = {
			isa = XCBuildConfiguration;
			buildSettings = {
				ALWAYS_SEARCH_USER_PATHS = NO;
				ASSTETS_DIR = "";
				CLANG_ANALYZER_NONNULL = YES;
				CLANG_ANALYZER_NUMBER_OBJECT_CONVERSION = YES_AGGRESSIVE;
				CLANG_CXX_LANGUAGE_STANDARD = "gnu++20";
				CLANG_ENABLE_MODULES = YES;
				CLANG_ENABLE_OBJC_ARC = YES;
				CLANG_ENABLE_OBJC_WEAK = YES;
				CLANG_WARN_BLOCK_CAPTURE_AUTORELEASING = YES;
				CLANG_WARN_BOOL_CONVERSION = YES;
				CLANG_WARN_COMMA = YES;
				CLANG_WARN_CONSTANT_CONVERSION = YES;
				CLANG_WARN_DEPRECATED_OBJC_IMPLEMENTATIONS = YES;
				CLANG_WARN_DIRECT_OBJC_ISA_USAGE = YES_ERROR;
				CLANG_WARN_DOCUMENTATION_COMMENTS = YES;
				CLANG_WARN_EMPTY_BODY = YES;
				CLANG_WARN_ENUM_CONVERSION = YES;
				CLANG_WARN_INFINITE_RECURSION = YES;
				CLANG_WARN_INT_CONVERSION = YES;
				CLANG_WARN_NON_LITERAL_NULL_CONVERSION = YES;
				CLANG_WARN_OBJC_IMPLICIT_RETAIN_SELF = YES;
				CLANG_WARN_OBJC_LITERAL_CONVERSION = YES;
				CLANG_WARN_OBJC_ROOT_CLASS = YES_ERROR;
				CLANG_WARN_QUOTED_INCLUDE_IN_FRAMEWORK_HEADER = YES;
				CLANG_WARN_RANGE_LOOP_ANALYSIS = YES;
				CLANG_WARN_STRICT_PROTOTYPES = YES;
				CLANG_WARN_SUSPICIOUS_MOVE = YES;
				CLANG_WARN_UNGUARDED_AVAILABILITY = YES_AGGRESSIVE;
				CLANG_WARN_UNREACHABLE_CODE = YES;
				CLANG_WARN__DUPLICATE_METHOD_MATCH = YES;
				COPY_PHASE_STRIP = NO;
				DEBUG_INFORMATION_FORMAT = dwarf;
				ENABLE_STRICT_OBJC_MSGSEND = YES;
				ENABLE_TESTABILITY = YES;
				ENABLE_USER_SCRIPT_SANDBOXING = YES;
				GCC_C_LANGUAGE_STANDARD = gnu17;
				GCC_DYNAMIC_NO_PIC = NO;
				GCC_NO_COMMON_BLOCKS = YES;
				GCC_OPTIMIZATION_LEVEL = 0;
				GCC_PREPROCESSOR_DEFINITIONS = (
					"DEBUG=1",
					"$(inherited)",
				);
				GCC_WARN_64_TO_32_BIT_CONVERSION = YES;
				GCC_WARN_ABOUT_RETURN_TYPE = YES_ERROR;
				GCC_WARN_UNDECLARED_SELECTOR = YES;
				GCC_WARN_UNINITIALIZED_AUTOS = YES_AGGRESSIVE;
				GCC_WARN_UNUSED_FUNCTION = YES;
				GCC_WARN_UNUSED_VARIABLE = YES;
				IPHONEOS_DEPLOYMENT_TARGET = 17.0;
				LOCALIZATION_PREFERS_STRING_CATALOGS = YES;
				MTL_ENABLE_DEBUG_INFO = INCLUDE_SOURCE;
				MTL_FAST_MATH = YES;
				ONLY_ACTIVE_ARCH = YES;
				SDKROOT = iphoneos;
				SWIFT_ACTIVE_COMPILATION_CONDITIONS = "$(inherited) DEBUG";
				SWIFT_OPTIMIZATION_LEVEL = "-Onone";
				SWIFT_VERSION = 5.9;
			};
			name = Debug;
		};
		4D1B1A83C24025485BDF26F8 /* Release */ = {
			isa = XCBuildConfiguration;
			buildSettings = {
				ALWAYS_SEARCH_USER_PATHS = NO;
				ASSTETS_DIR = "";
				CLANG_ANALYZER_NONNULL = YES;
				CLANG_ANALYZER_NUMBER_OBJECT_CONVERSION = YES_AGGRESSIVE;
				CLANG_CXX_LANGUAGE_STANDARD = "gnu++20";
				CLANG_ENABLE_MODULES = YES;
				CLANG_ENABLE_OBJC_ARC = YES;
				CLANG_ENABLE_OBJC_WEAK = YES;
				CLANG_WARN_BLOCK_CAPTURE_AUTORELEASING = YES;
				CLANG_WARN_BOOL_CONVERSION = YES;
				CLANG_WARN_COMMA = YES;
				CLANG_WARN_CONSTANT_CONVERSION = YES;
				CLANG_WARN_DEPRECATED_OBJC_IMPLEMENTATIONS = YES;
				CLANG_WARN_DIRECT_OBJC_ISA_USAGE = YES_ERROR;
				CLANG_WARN_DOCUMENTATION_COMMENTS = YES;
				CLANG_WARN_EMPTY_BODY = YES;
				CLANG_WARN_ENUM_CONVERSION = YES;
				CLANG_WARN_INFINITE_RECURSION = YES;
				CLANG_WARN_INT_CONVERSION = YES;
				CLANG_WARN_NON_LITERAL_NULL_CONVERSION = YES;
				CLANG_WARN_OBJC_IMPLICIT_RETAIN_SELF = YES;
				CLANG_WARN_OBJC_LITERAL_CONVERSION = YES;
				CLANG_WARN_OBJC_ROOT_CLASS = YES_ERROR;
				CLANG_WARN_QUOTED_INCLUDE_IN_FRAMEWORK_HEADER = YES;
				CLANG_WARN_RANGE_LOOP_ANALYSIS = YES;
				CLANG_WARN_STRICT_PROTOTYPES = YES;
				CLANG_WARN_SUSPICIOUS_MOVE = YES;
				CLANG_WARN_UNGUARDED_AVAILABILITY = YES_AGGRESSIVE;
				CLANG_WARN_UNREACHABLE_CODE = YES;
				CLANG_WARN__DUPLICATE_METHOD_MATCH = YES;
				COPY_PHASE_STRIP = NO;
				DEBUG_INFORMATION_FORMAT = "dwarf-with-dsym";
				ENABLE_NS_ASSERTIONS = NO;
				ENABLE_STRICT_OBJC_MSGSEND = YES;
				ENABLE_USER_SCRIPT_SANDBOXING = YES;
				GCC_C_LANGUAGE_STANDARD = gnu17;
				GCC_NO_COMMON_BLOCKS = YES;
				GCC_WARN_64_TO_32_BIT_CONVERSION = YES;
				GCC_WARN_ABOUT_RETURN_TYPE = YES_ERROR;
				GCC_WARN_UNDECLARED_SELECTOR = YES;
				GCC_WARN_UNINITIALIZED_AUTOS = YES_AGGRESSIVE;
				GCC_WARN_UNUSED_FUNCTION = YES;
				GCC_WARN_UNUSED_VARIABLE = YES;
				IPHONEOS_DEPLOYMENT_TARGET = 17.0;
				LOCALIZATION_PREFERS_STRING_CATALOGS = YES;
				MTL_ENABLE_DEBUG_INFO = NO;
				MTL_FAST_MATH = YES;
				SDKROOT = iphoneos;
				SWIFT_COMPILATION_MODE = wholemodule;
				SWIFT_VERSION = 5.9;
				VALIDATE_PRODUCT = YES;
			};
			name = Release;
		};
		7AF11E30B9D6C67F56DB2F5A /* Debug */ = {
			isa = XCBuildConfiguration;
			buildSettings = {
				ASSETCATALOG_COMPILER_APPICON_NAME = AppIcon;
				ASSETCATALOG_COMPILER_GLOBAL_ACCENT_COLOR_NAME = AccentColor;
				CODE_SIGN_STYLE = Automatic;
				CURRENT_PROJECT_VERSION = 1;
				GENERATE_INFOPLIST_FILE = YES;
				INFOPLIST_KEY_CFBundleDisplayName = "Neuro Plans";
				INFOPLIST_KEY_UIApplicationSceneManifest_Generation = YES;
				INFOPLIST_KEY_UIApplicationSupportsIndirectInputEvents = YES;
				INFOPLIST_KEY_UILaunchScreen_Generation = YES;
				INFOPLIST_KEY_UISupportedInterfaceOrientations = UIInterfaceOrientationPortrait;
				"INFOPLIST_KEY_UISupportedInterfaceOrientations_iPad" = "UIInterfaceOrientationPortrait UIInterfaceOrientationPortraitUpsideDown UIInterfaceOrientationLandscapeLeft UIInterfaceOrientationLandscapeRight";
				MARKETING_VERSION = 1.0.0;
				PRODUCT_BUNDLE_IDENTIFIER = com.neuroplans.app;
				PRODUCT_NAME = "Neuro Plans";
				SWIFT_EMIT_LOC_STRINGS = YES;
				SWIFT_VERSION = 5.9;
				TARGETED_DEVICE_FAMILY = "1,2";
			};
			name = Debug;
		};
		ABC7A883738896BA05DD90B4 /* Release */ = {
			isa = XCBuildConfiguration;
			buildSettings = {
				ASSETCATALOG_COMPILER_APPICON_NAME = AppIcon;
				ASSETCATALOG_COMPILER_GLOBAL_ACCENT_COLOR_NAME = AccentColor;
				CODE_SIGN_STYLE = Automatic;
				CURRENT_PROJECT_VERSION = 1;
				GENERATE_INFOPLIST_FILE = YES;
				INFOPLIST_KEY_CFBundleDisplayName = "Neuro Plans";
				INFOPLIST_KEY_UIApplicationSceneManifest_Generation = YES;
				INFOPLIST_KEY_UIApplicationSupportsIndirectInputEvents = YES;
				INFOPLIST_KEY_UILaunchScreen_Generation = YES;
				INFOPLIST_KEY_UISupportedInterfaceOrientations = UIInterfaceOrientationPortrait;
				"INFOPLIST_KEY_UISupportedInterfaceOrientations_iPad" = "UIInterfaceOrientationPortrait UIInterfaceOrientationPortraitUpsideDown UIInterfaceOrientationLandscapeLeft UIInterfaceOrientationLandscapeRight";
				MARKETING_VERSION = 1.0.0;
				PRODUCT_BUNDLE_IDENTIFIER = com.neuroplans.app;
				PRODUCT_NAME = "Neuro Plans";
				SWIFT_EMIT_LOC_STRINGS = YES;
				SWIFT_VERSION = 5.9;
				TARGETED_DEVICE_FAMILY = "1,2";
			};
			name = Release;
		};
/* End XCBuildConfiguration section */

/* Begin XCConfigurationList section */
		D59B81C867213E2FD6D26F00 /* Build configuration list for PBXProject "NeuroPlans" */ = {
			isa = XCConfigurationList;
			buildConfigurations = (
				969553509697A443676D35FF /* Debug */,
				4D1B1A83C24025485BDF26F8 /* Release */,
			);
			defaultConfigurationIsVisible = 0;
			defaultConfigurationName = Release;
		};
		B82CF7AE69A936F33C559505 /* Build configuration list for PBXNativeTarget "NeuroPlans" */ = {
			isa = XCConfigurationList;
			buildConfigurations = (
				7AF11E30B9D6C67F56DB2F5A /* Debug */,
				ABC7A883738896BA05DD90B4 /* Release */,
			);
			defaultConfigurationIsVisible = 0;
			defaultConfigurationName = Release;
		};
/* End XCConfigurationList section */

	};
	rootObject = A35602C89D700A588E678BB5 /* Project object */;
}
